
Microsoft Visual Studio Solution File, Format Version 12.00
# Visual Studio Version 17
VisualStudioVersion = 17.11.35312.102
MinimumVisualStudioVersion = 10.0.40219.1
Project("{8BC9CEB8-8B4A-11D0-8D11-00A0C91BC942}") = "Class_0925", "Class_0925\Class_0925.vcxproj", "{40828AB5-530C-4BDC-885F-C42F018BD6BD}"
EndProject
Project("{8BC9CEB8-8B4A-11D0-8D11-00A0C91BC942}") = "StringCount", "StringCount\StringCount.vcxproj", "{4A6713A0-A601-477C-95AF-82248D85A956}"
EndProject
Project("{8BC9CEB8-8B4A-11D0-8D11-00A0C91BC942}") = "PlusString", "PlusString\PlusString.vcxproj", "{C475775E-CB6E-4D6B-BEC2-25D478F8AB78}"
EndProject
Project("{8BC9CEB8-8B4A-11D0-8D11-00A0C91BC942}") = "NumberCount", "NumberCount\NumberCount.vcxproj", "{36FE40B5-E9FA-4360-B77B-C657EB6D3265}"
EndProject
Project("{8BC9CEB8-8B4A-11D0-8D11-00A0C91BC942}") = "059_VirtualFunctionPtr", "059_VirtualFunctionPtr\059_VirtualFunctionPtr.vcxproj", "{0F3C261B-C1C1-4C0E-BC6B-305A056EA841}"
EndProject
Project("{8BC9CEB8-8B4A-11D0-8D11-00A0C91BC942}") = "058_Virtual", "058_Virtual\058_Virtual.vcxproj", "{FFD2BF40-B080-44A3-862C-787F2F2ECF1C}"
EndProject
Project("{8BC9CEB8-8B4A-11D0-8D11-00A0C91BC942}") = "057_FunctionPtr", "057_FunctionPtr\057_FunctionPtr.vcxproj", "{A9D60F4B-0E87-415F-B28F-3AF46306C067}"
EndProject
Project("{8BC9CEB8-8B4A-11D0-8D11-00A0C91BC942}") = "055_voidPtr", "055_voidPtr\055_voidPtr.vcxproj", "{B54E9DB4-3B5F-4F46-AACB-BF53DB795601}"
EndProject
Project("{8BC9CEB8-8B4A-11D0-8D11-00A0C91BC942}") = "054_FileIO", "054_FileIO\054_FileIO.vcxproj", "{8A0915C0-4D2F-46B9-B29D-78D5C22A9EED}"
EndProject
Project("{8BC9CEB8-8B4A-11D0-8D11-00A0C91BC942}") = "Node", "Node\Node.vcxproj", "{134810B0-030F-44B2-9A78-321300C8DDBA}"
EndProject
Project("{2150E333-8FDC-42A3-9474-1A3956D46DE8}") = "DataStruct", "DataStruct", "{43C7347A-D922-4608-A9E1-09C0C9E093D2}"
EndProject
Project("{8BC9CEB8-8B4A-11D0-8D11-00A0C91BC942}") = "BaseSystem", "BaseSystem\BaseSystem.vcxproj", "{0ACEBF45-8515-409B-99DE-190CD392A6FC}"
EndProject
Project("{2150E333-8FDC-42A3-9474-1A3956D46DE8}") = "ExamplesAndExplanations", "ExamplesAndExplanations", "{37F11C6C-DA17-435B-B0A1-C52A35F09566}"
EndProject
Project("{8BC9CEB8-8B4A-11D0-8D11-00A0C91BC942}") = "000_VirtualEx", "000_VirtualEx\000_VirtualEx.vcxproj", "{49EB28A4-BEA3-47A0-8FFE-A271B6659AFD}"
EndProject
Project("{8BC9CEB8-8B4A-11D0-8D11-00A0C91BC942}") = "Rand", "Rand\Rand.vcxproj", "{44549342-FCDA-4AB5-A37F-9D2457721F78}"
EndProject
Project("{8BC9CEB8-8B4A-11D0-8D11-00A0C91BC942}") = "063_Static", "063_Static\063_Static.vcxproj", "{B367668C-0733-403B-81D0-2D6F67CA1C15}"
EndProject
Project("{2150E333-8FDC-42A3-9474-1A3956D46DE8}") = "Game1", "Game1", "{8A8F6A88-13B8-49F2-AE91-045AA536BC12}"
EndProject
Project("{8BC9CEB8-8B4A-11D0-8D11-00A0C91BC942}") = "TextRPGLast_Zenith", "TextRPGLast_Zenith\TextRPGLast_Zenith.vcxproj", "{D930CA89-5F39-4776-8CE0-2C2DAA23BA04}"
EndProject
Project("{8BC9CEB8-8B4A-11D0-8D11-00A0C91BC942}") = "new", "new\new.vcxproj", "{11187022-2975-4826-85E9-6B5D55F34B64}"
EndProject
Project("{8BC9CEB8-8B4A-11D0-8D11-00A0C91BC942}") = "070_NewTest", "070_NewTest\070_NewTest.vcxproj", "{CD79ABD4-66E9-4003-9271-86B8F18310FC}"
EndProject
Project("{8BC9CEB8-8B4A-11D0-8D11-00A0C91BC942}") = "ConsoleGame", "ConsoleGame\ConsoleGame.vcxproj", "{B7AEEB32-05A0-429E-B6B7-A80BADA02D63}"
EndProject
Project("{8BC9CEB8-8B4A-11D0-8D11-00A0C91BC942}") = "EngineCore", "EngineCore\EngineCore.vcxproj", "{F83BA35A-295F-4844-ADD0-06FDA7CBA5F0}"
EndProject
Project("{8BC9CEB8-8B4A-11D0-8D11-00A0C91BC942}") = "EngineBase", "EngineBase\EngineBase.vcxproj", "{47E3AAD8-CC6C-46C3-86C8-B7CA1A81DA66}"
EndProject
Project("{8BC9CEB8-8B4A-11D0-8D11-00A0C91BC942}") = "SnakeApp", "SnakeApp\SnakeApp.vcxproj", "{22AB8BBB-ADB1-4080-9BFC-620EAE9511F0}"
EndProject
Project("{8BC9CEB8-8B4A-11D0-8D11-00A0C91BC942}") = "SnakeContents", "SnakeContents\SnakeContents.vcxproj", "{C6472FE5-4F33-4AF4-9EEF-2D61041556EA}"
EndProject
Project("{8BC9CEB8-8B4A-11D0-8D11-00A0C91BC942}") = "vector", "vector\vector.vcxproj", "{08378216-C1C3-4C02-B429-4A6A69502578}"
EndProject
Project("{8BC9CEB8-8B4A-11D0-8D11-00A0C91BC942}") = "Copy", "Copy\Copy.vcxproj", "{B8FD0B4D-0F9C-4C6F-9899-954BF33ABF99}"
EndProject
Project("{8BC9CEB8-8B4A-11D0-8D11-00A0C91BC942}") = "List", "List\List.vcxproj", "{82F93AB0-6C58-4EA7-A3D3-491C0EBA100C}"
EndProject
Project("{8BC9CEB8-8B4A-11D0-8D11-00A0C91BC942}") = "Map", "Map\Map.vcxproj", "{A4FBA4FC-66D9-4FF6-B994-FB8B190344AE}"
EndProject
Project("{2150E333-8FDC-42A3-9474-1A3956D46DE8}") = "Framwork", "Framwork", "{48593063-4A2F-4564-BAE0-20C22370F2C5}"
EndProject
Project("{2150E333-8FDC-42A3-9474-1A3956D46DE8}") = "Game-snake", "Game-snake", "{0D891C41-A777-4428-9ED1-DB14187AC012}"
EndProject
Project("{8BC9CEB8-8B4A-11D0-8D11-00A0C91BC942}") = "practice_move", "practice_move\practice_move.vcxproj", "{60469593-6E6B-4857-83A5-C9C3DE25E1A2}"
EndProject
Global
	GlobalSection(SolutionConfigurationPlatforms) = preSolution
		Debug|x64 = Debug|x64
		Debug|x86 = Debug|x86
		Release|x64 = Release|x64
		Release|x86 = Release|x86
	EndGlobalSection
	GlobalSection(ProjectConfigurationPlatforms) = postSolution
		{40828AB5-530C-4BDC-885F-C42F018BD6BD}.Debug|x64.ActiveCfg = Debug|x64
		{40828AB5-530C-4BDC-885F-C42F018BD6BD}.Debug|x64.Build.0 = Debug|x64
		{40828AB5-530C-4BDC-885F-C42F018BD6BD}.Debug|x86.ActiveCfg = Debug|Win32
		{40828AB5-530C-4BDC-885F-C42F018BD6BD}.Debug|x86.Build.0 = Debug|Win32
		{40828AB5-530C-4BDC-885F-C42F018BD6BD}.Release|x64.ActiveCfg = Release|x64
		{40828AB5-530C-4BDC-885F-C42F018BD6BD}.Release|x64.Build.0 = Release|x64
		{40828AB5-530C-4BDC-885F-C42F018BD6BD}.Release|x86.ActiveCfg = Release|Win32
		{40828AB5-530C-4BDC-885F-C42F018BD6BD}.Release|x86.Build.0 = Release|Win32
		{4A6713A0-A601-477C-95AF-82248D85A956}.Debug|x64.ActiveCfg = Debug|x64
		{4A6713A0-A601-477C-95AF-82248D85A956}.Debug|x64.Build.0 = Debug|x64
		{4A6713A0-A601-477C-95AF-82248D85A956}.Debug|x86.ActiveCfg = Debug|Win32
		{4A6713A0-A601-477C-95AF-82248D85A956}.Debug|x86.Build.0 = Debug|Win32
		{4A6713A0-A601-477C-95AF-82248D85A956}.Release|x64.ActiveCfg = Release|x64
		{4A6713A0-A601-477C-95AF-82248D85A956}.Release|x64.Build.0 = Release|x64
		{4A6713A0-A601-477C-95AF-82248D85A956}.Release|x86.ActiveCfg = Release|Win32
		{4A6713A0-A601-477C-95AF-82248D85A956}.Release|x86.Build.0 = Release|Win32
		{C475775E-CB6E-4D6B-BEC2-25D478F8AB78}.Debug|x64.ActiveCfg = Debug|x64
		{C475775E-CB6E-4D6B-BEC2-25D478F8AB78}.Debug|x64.Build.0 = Debug|x64
		{C475775E-CB6E-4D6B-BEC2-25D478F8AB78}.Debug|x86.ActiveCfg = Debug|Win32
		{C475775E-CB6E-4D6B-BEC2-25D478F8AB78}.Debug|x86.Build.0 = Debug|Win32
		{C475775E-CB6E-4D6B-BEC2-25D478F8AB78}.Release|x64.ActiveCfg = Release|x64
		{C475775E-CB6E-4D6B-BEC2-25D478F8AB78}.Release|x64.Build.0 = Release|x64
		{C475775E-CB6E-4D6B-BEC2-25D478F8AB78}.Release|x86.ActiveCfg = Release|Win32
		{C475775E-CB6E-4D6B-BEC2-25D478F8AB78}.Release|x86.Build.0 = Release|Win32
		{36FE40B5-E9FA-4360-B77B-C657EB6D3265}.Debug|x64.ActiveCfg = Debug|x64
		{36FE40B5-E9FA-4360-B77B-C657EB6D3265}.Debug|x64.Build.0 = Debug|x64
		{36FE40B5-E9FA-4360-B77B-C657EB6D3265}.Debug|x86.ActiveCfg = Debug|Win32
		{36FE40B5-E9FA-4360-B77B-C657EB6D3265}.Debug|x86.Build.0 = Debug|Win32
		{36FE40B5-E9FA-4360-B77B-C657EB6D3265}.Release|x64.ActiveCfg = Release|x64
		{36FE40B5-E9FA-4360-B77B-C657EB6D3265}.Release|x64.Build.0 = Release|x64
		{36FE40B5-E9FA-4360-B77B-C657EB6D3265}.Release|x86.ActiveCfg = Release|Win32
		{36FE40B5-E9FA-4360-B77B-C657EB6D3265}.Release|x86.Build.0 = Release|Win32
		{0F3C261B-C1C1-4C0E-BC6B-305A056EA841}.Debug|x64.ActiveCfg = Debug|x64
		{0F3C261B-C1C1-4C0E-BC6B-305A056EA841}.Debug|x64.Build.0 = Debug|x64
		{0F3C261B-C1C1-4C0E-BC6B-305A056EA841}.Debug|x86.ActiveCfg = Debug|Win32
		{0F3C261B-C1C1-4C0E-BC6B-305A056EA841}.Debug|x86.Build.0 = Debug|Win32
		{0F3C261B-C1C1-4C0E-BC6B-305A056EA841}.Release|x64.ActiveCfg = Release|x64
		{0F3C261B-C1C1-4C0E-BC6B-305A056EA841}.Release|x64.Build.0 = Release|x64
		{0F3C261B-C1C1-4C0E-BC6B-305A056EA841}.Release|x86.ActiveCfg = Release|Win32
		{0F3C261B-C1C1-4C0E-BC6B-305A056EA841}.Release|x86.Build.0 = Release|Win32
		{FFD2BF40-B080-44A3-862C-787F2F2ECF1C}.Debug|x64.ActiveCfg = Debug|x64
		{FFD2BF40-B080-44A3-862C-787F2F2ECF1C}.Debug|x64.Build.0 = Debug|x64
		{FFD2BF40-B080-44A3-862C-787F2F2ECF1C}.Debug|x86.ActiveCfg = Debug|Win32
		{FFD2BF40-B080-44A3-862C-787F2F2ECF1C}.Debug|x86.Build.0 = Debug|Win32
		{FFD2BF40-B080-44A3-862C-787F2F2ECF1C}.Release|x64.ActiveCfg = Release|x64
		{FFD2BF40-B080-44A3-862C-787F2F2ECF1C}.Release|x64.Build.0 = Release|x64
		{FFD2BF40-B080-44A3-862C-787F2F2ECF1C}.Release|x86.ActiveCfg = Release|Win32
		{FFD2BF40-B080-44A3-862C-787F2F2ECF1C}.Release|x86.Build.0 = Release|Win32
		{A9D60F4B-0E87-415F-B28F-3AF46306C067}.Debug|x64.ActiveCfg = Debug|x64
		{A9D60F4B-0E87-415F-B28F-3AF46306C067}.Debug|x64.Build.0 = Debug|x64
		{A9D60F4B-0E87-415F-B28F-3AF46306C067}.Debug|x86.ActiveCfg = Debug|Win32
		{A9D60F4B-0E87-415F-B28F-3AF46306C067}.Debug|x86.Build.0 = Debug|Win32
		{A9D60F4B-0E87-415F-B28F-3AF46306C067}.Release|x64.ActiveCfg = Release|x64
		{A9D60F4B-0E87-415F-B28F-3AF46306C067}.Release|x64.Build.0 = Release|x64
		{A9D60F4B-0E87-415F-B28F-3AF46306C067}.Release|x86.ActiveCfg = Release|Win32
		{A9D60F4B-0E87-415F-B28F-3AF46306C067}.Release|x86.Build.0 = Release|Win32
		{B54E9DB4-3B5F-4F46-AACB-BF53DB795601}.Debug|x64.ActiveCfg = Debug|x64
		{B54E9DB4-3B5F-4F46-AACB-BF53DB795601}.Debug|x64.Build.0 = Debug|x64
		{B54E9DB4-3B5F-4F46-AACB-BF53DB795601}.Debug|x86.ActiveCfg = Debug|Win32
		{B54E9DB4-3B5F-4F46-AACB-BF53DB795601}.Debug|x86.Build.0 = Debug|Win32
		{B54E9DB4-3B5F-4F46-AACB-BF53DB795601}.Release|x64.ActiveCfg = Release|x64
		{B54E9DB4-3B5F-4F46-AACB-BF53DB795601}.Release|x64.Build.0 = Release|x64
		{B54E9DB4-3B5F-4F46-AACB-BF53DB795601}.Release|x86.ActiveCfg = Release|Win32
		{B54E9DB4-3B5F-4F46-AACB-BF53DB795601}.Release|x86.Build.0 = Release|Win32
		{8A0915C0-4D2F-46B9-B29D-78D5C22A9EED}.Debug|x64.ActiveCfg = Debug|x64
		{8A0915C0-4D2F-46B9-B29D-78D5C22A9EED}.Debug|x64.Build.0 = Debug|x64
		{8A0915C0-4D2F-46B9-B29D-78D5C22A9EED}.Debug|x86.ActiveCfg = Debug|Win32
		{8A0915C0-4D2F-46B9-B29D-78D5C22A9EED}.Debug|x86.Build.0 = Debug|Win32
		{8A0915C0-4D2F-46B9-B29D-78D5C22A9EED}.Release|x64.ActiveCfg = Release|x64
		{8A0915C0-4D2F-46B9-B29D-78D5C22A9EED}.Release|x64.Build.0 = Release|x64
		{8A0915C0-4D2F-46B9-B29D-78D5C22A9EED}.Release|x86.ActiveCfg = Release|Win32
		{8A0915C0-4D2F-46B9-B29D-78D5C22A9EED}.Release|x86.Build.0 = Release|Win32
		{134810B0-030F-44B2-9A78-321300C8DDBA}.Debug|x64.ActiveCfg = Debug|x64
		{134810B0-030F-44B2-9A78-321300C8DDBA}.Debug|x64.Build.0 = Debug|x64
		{134810B0-030F-44B2-9A78-321300C8DDBA}.Debug|x86.ActiveCfg = Debug|Win32
		{134810B0-030F-44B2-9A78-321300C8DDBA}.Debug|x86.Build.0 = Debug|Win32
		{134810B0-030F-44B2-9A78-321300C8DDBA}.Release|x64.ActiveCfg = Release|x64
		{134810B0-030F-44B2-9A78-321300C8DDBA}.Release|x64.Build.0 = Release|x64
		{134810B0-030F-44B2-9A78-321300C8DDBA}.Release|x86.ActiveCfg = Release|Win32
		{134810B0-030F-44B2-9A78-321300C8DDBA}.Release|x86.Build.0 = Release|Win32
		{0ACEBF45-8515-409B-99DE-190CD392A6FC}.Debug|x64.ActiveCfg = Debug|x64
		{0ACEBF45-8515-409B-99DE-190CD392A6FC}.Debug|x64.Build.0 = Debug|x64
		{0ACEBF45-8515-409B-99DE-190CD392A6FC}.Debug|x86.ActiveCfg = Debug|Win32
		{0ACEBF45-8515-409B-99DE-190CD392A6FC}.Debug|x86.Build.0 = Debug|Win32
		{0ACEBF45-8515-409B-99DE-190CD392A6FC}.Release|x64.ActiveCfg = Release|x64
		{0ACEBF45-8515-409B-99DE-190CD392A6FC}.Release|x64.Build.0 = Release|x64
		{0ACEBF45-8515-409B-99DE-190CD392A6FC}.Release|x86.ActiveCfg = Release|Win32
		{0ACEBF45-8515-409B-99DE-190CD392A6FC}.Release|x86.Build.0 = Release|Win32
		{49EB28A4-BEA3-47A0-8FFE-A271B6659AFD}.Debug|x64.ActiveCfg = Debug|x64
		{49EB28A4-BEA3-47A0-8FFE-A271B6659AFD}.Debug|x64.Build.0 = Debug|x64
		{49EB28A4-BEA3-47A0-8FFE-A271B6659AFD}.Debug|x86.ActiveCfg = Debug|Win32
		{49EB28A4-BEA3-47A0-8FFE-A271B6659AFD}.Debug|x86.Build.0 = Debug|Win32
		{49EB28A4-BEA3-47A0-8FFE-A271B6659AFD}.Release|x64.ActiveCfg = Release|x64
		{49EB28A4-BEA3-47A0-8FFE-A271B6659AFD}.Release|x64.Build.0 = Release|x64
		{49EB28A4-BEA3-47A0-8FFE-A271B6659AFD}.Release|x86.ActiveCfg = Release|Win32
		{49EB28A4-BEA3-47A0-8FFE-A271B6659AFD}.Release|x86.Build.0 = Release|Win32
		{44549342-FCDA-4AB5-A37F-9D2457721F78}.Debug|x64.ActiveCfg = Debug|x64
		{44549342-FCDA-4AB5-A37F-9D2457721F78}.Debug|x64.Build.0 = Debug|x64
		{44549342-FCDA-4AB5-A37F-9D2457721F78}.Debug|x86.ActiveCfg = Debug|Win32
		{44549342-FCDA-4AB5-A37F-9D2457721F78}.Debug|x86.Build.0 = Debug|Win32
		{44549342-FCDA-4AB5-A37F-9D2457721F78}.Release|x64.ActiveCfg = Release|x64
		{44549342-FCDA-4AB5-A37F-9D2457721F78}.Release|x64.Build.0 = Release|x64
		{44549342-FCDA-4AB5-A37F-9D2457721F78}.Release|x86.ActiveCfg = Release|Win32
		{44549342-FCDA-4AB5-A37F-9D2457721F78}.Release|x86.Build.0 = Release|Win32
		{B367668C-0733-403B-81D0-2D6F67CA1C15}.Debug|x64.ActiveCfg = Debug|x64
		{B367668C-0733-403B-81D0-2D6F67CA1C15}.Debug|x64.Build.0 = Debug|x64
		{B367668C-0733-403B-81D0-2D6F67CA1C15}.Debug|x86.ActiveCfg = Debug|Win32
		{B367668C-0733-403B-81D0-2D6F67CA1C15}.Debug|x86.Build.0 = Debug|Win32
		{B367668C-0733-403B-81D0-2D6F67CA1C15}.Release|x64.ActiveCfg = Release|x64
		{B367668C-0733-403B-81D0-2D6F67CA1C15}.Release|x64.Build.0 = Release|x64
		{B367668C-0733-403B-81D0-2D6F67CA1C15}.Release|x86.ActiveCfg = Release|Win32
		{B367668C-0733-403B-81D0-2D6F67CA1C15}.Release|x86.Build.0 = Release|Win32
		{D930CA89-5F39-4776-8CE0-2C2DAA23BA04}.Debug|x64.ActiveCfg = Debug|x64
		{D930CA89-5F39-4776-8CE0-2C2DAA23BA04}.Debug|x64.Build.0 = Debug|x64
		{D930CA89-5F39-4776-8CE0-2C2DAA23BA04}.Debug|x86.ActiveCfg = Debug|Win32
		{D930CA89-5F39-4776-8CE0-2C2DAA23BA04}.Debug|x86.Build.0 = Debug|Win32
		{D930CA89-5F39-4776-8CE0-2C2DAA23BA04}.Release|x64.ActiveCfg = Release|x64
		{D930CA89-5F39-4776-8CE0-2C2DAA23BA04}.Release|x64.Build.0 = Release|x64
		{D930CA89-5F39-4776-8CE0-2C2DAA23BA04}.Release|x86.ActiveCfg = Release|Win32
		{D930CA89-5F39-4776-8CE0-2C2DAA23BA04}.Release|x86.Build.0 = Release|Win32
		{11187022-2975-4826-85E9-6B5D55F34B64}.Debug|x64.ActiveCfg = Debug|x64
		{11187022-2975-4826-85E9-6B5D55F34B64}.Debug|x64.Build.0 = Debug|x64
		{11187022-2975-4826-85E9-6B5D55F34B64}.Debug|x86.ActiveCfg = Debug|Win32
		{11187022-2975-4826-85E9-6B5D55F34B64}.Debug|x86.Build.0 = Debug|Win32
		{11187022-2975-4826-85E9-6B5D55F34B64}.Release|x64.ActiveCfg = Release|x64
		{11187022-2975-4826-85E9-6B5D55F34B64}.Release|x64.Build.0 = Release|x64
		{11187022-2975-4826-85E9-6B5D55F34B64}.Release|x86.ActiveCfg = Release|Win32
		{11187022-2975-4826-85E9-6B5D55F34B64}.Release|x86.Build.0 = Release|Win32
		{CD79ABD4-66E9-4003-9271-86B8F18310FC}.Debug|x64.ActiveCfg = Debug|x64
		{CD79ABD4-66E9-4003-9271-86B8F18310FC}.Debug|x64.Build.0 = Debug|x64
		{CD79ABD4-66E9-4003-9271-86B8F18310FC}.Debug|x86.ActiveCfg = Debug|Win32
		{CD79ABD4-66E9-4003-9271-86B8F18310FC}.Debug|x86.Build.0 = Debug|Win32
		{CD79ABD4-66E9-4003-9271-86B8F18310FC}.Release|x64.ActiveCfg = Release|x64
		{CD79ABD4-66E9-4003-9271-86B8F18310FC}.Release|x64.Build.0 = Release|x64
		{CD79ABD4-66E9-4003-9271-86B8F18310FC}.Release|x86.ActiveCfg = Release|Win32
		{CD79ABD4-66E9-4003-9271-86B8F18310FC}.Release|x86.Build.0 = Release|Win32
		{B7AEEB32-05A0-429E-B6B7-A80BADA02D63}.Debug|x64.ActiveCfg = Debug|x64
		{B7AEEB32-05A0-429E-B6B7-A80BADA02D63}.Debug|x64.Build.0 = Debug|x64
		{B7AEEB32-05A0-429E-B6B7-A80BADA02D63}.Debug|x86.ActiveCfg = Debug|Win32
		{B7AEEB32-05A0-429E-B6B7-A80BADA02D63}.Debug|x86.Build.0 = Debug|Win32
		{B7AEEB32-05A0-429E-B6B7-A80BADA02D63}.Release|x64.ActiveCfg = Release|x64
		{B7AEEB32-05A0-429E-B6B7-A80BADA02D63}.Release|x64.Build.0 = Release|x64
		{B7AEEB32-05A0-429E-B6B7-A80BADA02D63}.Release|x86.ActiveCfg = Release|Win32
		{B7AEEB32-05A0-429E-B6B7-A80BADA02D63}.Release|x86.Build.0 = Release|Win32
		{F83BA35A-295F-4844-ADD0-06FDA7CBA5F0}.Debug|x64.ActiveCfg = Debug|x64
		{F83BA35A-295F-4844-ADD0-06FDA7CBA5F0}.Debug|x64.Build.0 = Debug|x64
		{F83BA35A-295F-4844-ADD0-06FDA7CBA5F0}.Debug|x86.ActiveCfg = Debug|Win32
		{F83BA35A-295F-4844-ADD0-06FDA7CBA5F0}.Debug|x86.Build.0 = Debug|Win32
		{F83BA35A-295F-4844-ADD0-06FDA7CBA5F0}.Release|x64.ActiveCfg = Release|x64
		{F83BA35A-295F-4844-ADD0-06FDA7CBA5F0}.Release|x64.Build.0 = Release|x64
		{F83BA35A-295F-4844-ADD0-06FDA7CBA5F0}.Release|x86.ActiveCfg = Release|Win32
		{F83BA35A-295F-4844-ADD0-06FDA7CBA5F0}.Release|x86.Build.0 = Release|Win32
		{47E3AAD8-CC6C-46C3-86C8-B7CA1A81DA66}.Debug|x64.ActiveCfg = Debug|x64
		{47E3AAD8-CC6C-46C3-86C8-B7CA1A81DA66}.Debug|x64.Build.0 = Debug|x64
		{47E3AAD8-CC6C-46C3-86C8-B7CA1A81DA66}.Debug|x86.ActiveCfg = Debug|Win32
		{47E3AAD8-CC6C-46C3-86C8-B7CA1A81DA66}.Debug|x86.Build.0 = Debug|Win32
		{47E3AAD8-CC6C-46C3-86C8-B7CA1A81DA66}.Release|x64.ActiveCfg = Release|x64
		{47E3AAD8-CC6C-46C3-86C8-B7CA1A81DA66}.Release|x64.Build.0 = Release|x64
		{47E3AAD8-CC6C-46C3-86C8-B7CA1A81DA66}.Release|x86.ActiveCfg = Release|Win32
		{47E3AAD8-CC6C-46C3-86C8-B7CA1A81DA66}.Release|x86.Build.0 = Release|Win32
		{22AB8BBB-ADB1-4080-9BFC-620EAE9511F0}.Debug|x64.ActiveCfg = Debug|x64
		{22AB8BBB-ADB1-4080-9BFC-620EAE9511F0}.Debug|x64.Build.0 = Debug|x64
		{22AB8BBB-ADB1-4080-9BFC-620EAE9511F0}.Debug|x86.ActiveCfg = Debug|Win32
		{22AB8BBB-ADB1-4080-9BFC-620EAE9511F0}.Debug|x86.Build.0 = Debug|Win32
		{22AB8BBB-ADB1-4080-9BFC-620EAE9511F0}.Release|x64.ActiveCfg = Release|x64
		{22AB8BBB-ADB1-4080-9BFC-620EAE9511F0}.Release|x64.Build.0 = Release|x64
		{22AB8BBB-ADB1-4080-9BFC-620EAE9511F0}.Release|x86.ActiveCfg = Release|Win32
		{22AB8BBB-ADB1-4080-9BFC-620EAE9511F0}.Release|x86.Build.0 = Release|Win32
		{C6472FE5-4F33-4AF4-9EEF-2D61041556EA}.Debug|x64.ActiveCfg = Debug|x64
		{C6472FE5-4F33-4AF4-9EEF-2D61041556EA}.Debug|x64.Build.0 = Debug|x64
		{C6472FE5-4F33-4AF4-9EEF-2D61041556EA}.Debug|x86.ActiveCfg = Debug|Win32
		{C6472FE5-4F33-4AF4-9EEF-2D61041556EA}.Debug|x86.Build.0 = Debug|Win32
		{C6472FE5-4F33-4AF4-9EEF-2D61041556EA}.Release|x64.ActiveCfg = Release|x64
		{C6472FE5-4F33-4AF4-9EEF-2D61041556EA}.Release|x64.Build.0 = Release|x64
		{C6472FE5-4F33-4AF4-9EEF-2D61041556EA}.Release|x86.ActiveCfg = Release|Win32
		{C6472FE5-4F33-4AF4-9EEF-2D61041556EA}.Release|x86.Build.0 = Release|Win32
		{08378216-C1C3-4C02-B429-4A6A69502578}.Debug|x64.ActiveCfg = Debug|x64
		{08378216-C1C3-4C02-B429-4A6A69502578}.Debug|x64.Build.0 = Debug|x64
		{08378216-C1C3-4C02-B429-4A6A69502578}.Debug|x86.ActiveCfg = Debug|Win32
		{08378216-C1C3-4C02-B429-4A6A69502578}.Debug|x86.Build.0 = Debug|Win32
		{08378216-C1C3-4C02-B429-4A6A69502578}.Release|x64.ActiveCfg = Release|x64
		{08378216-C1C3-4C02-B429-4A6A69502578}.Release|x64.Build.0 = Release|x64
		{08378216-C1C3-4C02-B429-4A6A69502578}.Release|x86.ActiveCfg = Release|Win32
		{08378216-C1C3-4C02-B429-4A6A69502578}.Release|x86.Build.0 = Release|Win32
		{B8FD0B4D-0F9C-4C6F-9899-954BF33ABF99}.Debug|x64.ActiveCfg = Debug|x64
		{B8FD0B4D-0F9C-4C6F-9899-954BF33ABF99}.Debug|x64.Build.0 = Debug|x64
		{B8FD0B4D-0F9C-4C6F-9899-954BF33ABF99}.Debug|x86.ActiveCfg = Debug|Win32
		{B8FD0B4D-0F9C-4C6F-9899-954BF33ABF99}.Debug|x86.Build.0 = Debug|Win32
		{B8FD0B4D-0F9C-4C6F-9899-954BF33ABF99}.Release|x64.ActiveCfg = Release|x64
		{B8FD0B4D-0F9C-4C6F-9899-954BF33ABF99}.Release|x64.Build.0 = Release|x64
		{B8FD0B4D-0F9C-4C6F-9899-954BF33ABF99}.Release|x86.ActiveCfg = Release|Win32
		{B8FD0B4D-0F9C-4C6F-9899-954BF33ABF99}.Release|x86.Build.0 = Release|Win32
		{82F93AB0-6C58-4EA7-A3D3-491C0EBA100C}.Debug|x64.ActiveCfg = Debug|x64
		{82F93AB0-6C58-4EA7-A3D3-491C0EBA100C}.Debug|x64.Build.0 = Debug|x64
		{82F93AB0-6C58-4EA7-A3D3-491C0EBA100C}.Debug|x86.ActiveCfg = Debug|Win32
		{82F93AB0-6C58-4EA7-A3D3-491C0EBA100C}.Debug|x86.Build.0 = Debug|Win32
		{82F93AB0-6C58-4EA7-A3D3-491C0EBA100C}.Release|x64.ActiveCfg = Release|x64
		{82F93AB0-6C58-4EA7-A3D3-491C0EBA100C}.Release|x64.Build.0 = Release|x64
		{82F93AB0-6C58-4EA7-A3D3-491C0EBA100C}.Release|x86.ActiveCfg = Release|Win32
		{82F93AB0-6C58-4EA7-A3D3-491C0EBA100C}.Release|x86.Build.0 = Release|Win32
		{A4FBA4FC-66D9-4FF6-B994-FB8B190344AE}.Debug|x64.ActiveCfg = Debug|x64
		{A4FBA4FC-66D9-4FF6-B994-FB8B190344AE}.Debug|x64.Build.0 = Debug|x64
		{A4FBA4FC-66D9-4FF6-B994-FB8B190344AE}.Debug|x86.ActiveCfg = Debug|Win32
		{A4FBA4FC-66D9-4FF6-B994-FB8B190344AE}.Debug|x86.Build.0 = Debug|Win32
		{A4FBA4FC-66D9-4FF6-B994-FB8B190344AE}.Release|x64.ActiveCfg = Release|x64
		{A4FBA4FC-66D9-4FF6-B994-FB8B190344AE}.Release|x64.Build.0 = Release|x64
		{A4FBA4FC-66D9-4FF6-B994-FB8B190344AE}.Release|x86.ActiveCfg = Release|Win32
		{A4FBA4FC-66D9-4FF6-B994-FB8B190344AE}.Release|x86.Build.0 = Release|Win32
		{60469593-6E6B-4857-83A5-C9C3DE25E1A2}.Debug|x64.ActiveCfg = Debug|x64
		{60469593-6E6B-4857-83A5-C9C3DE25E1A2}.Debug|x64.Build.0 = Debug|x64
		{60469593-6E6B-4857-83A5-C9C3DE25E1A2}.Debug|x86.ActiveCfg = Debug|Win32
		{60469593-6E6B-4857-83A5-C9C3DE25E1A2}.Debug|x86.Build.0 = Debug|Win32
		{60469593-6E6B-4857-83A5-C9C3DE25E1A2}.Release|x64.ActiveCfg = Release|x64
		{60469593-6E6B-4857-83A5-C9C3DE25E1A2}.Release|x64.Build.0 = Release|x64
		{60469593-6E6B-4857-83A5-C9C3DE25E1A2}.Release|x86.ActiveCfg = Release|Win32
		{60469593-6E6B-4857-83A5-C9C3DE25E1A2}.Release|x86.Build.0 = Release|Win32
	EndGlobalSection
	GlobalSection(SolutionProperties) = preSolution
		HideSolutionNode = FALSE
	EndGlobalSection
	GlobalSection(NestedProjects) = preSolution
		{134810B0-030F-44B2-9A78-321300C8DDBA} = {43C7347A-D922-4608-A9E1-09C0C9E093D2}
		{49EB28A4-BEA3-47A0-8FFE-A271B6659AFD} = {37F11C6C-DA17-435B-B0A1-C52A35F09566}
		{D930CA89-5F39-4776-8CE0-2C2DAA23BA04} = {8A8F6A88-13B8-49F2-AE91-045AA536BC12}
		{B7AEEB32-05A0-429E-B6B7-A80BADA02D63} = {8A8F6A88-13B8-49F2-AE91-045AA536BC12}
		{F83BA35A-295F-4844-ADD0-06FDA7CBA5F0} = {48593063-4A2F-4564-BAE0-20C22370F2C5}
		{47E3AAD8-CC6C-46C3-86C8-B7CA1A81DA66} = {48593063-4A2F-4564-BAE0-20C22370F2C5}
		{22AB8BBB-ADB1-4080-9BFC-620EAE9511F0} = {0D891C41-A777-4428-9ED1-DB14187AC012}
		{C6472FE5-4F33-4AF4-9EEF-2D61041556EA} = {0D891C41-A777-4428-9ED1-DB14187AC012}
		{08378216-C1C3-4C02-B429-4A6A69502578} = {43C7347A-D922-4608-A9E1-09C0C9E093D2}
		{82F93AB0-6C58-4EA7-A3D3-491C0EBA100C} = {43C7347A-D922-4608-A9E1-09C0C9E093D2}
		{A4FBA4FC-66D9-4FF6-B994-FB8B190344AE} = {43C7347A-D922-4608-A9E1-09C0C9E093D2}
		{60469593-6E6B-4857-83A5-C9C3DE25E1A2} = {43C7347A-D922-4608-A9E1-09C0C9E093D2}
	EndGlobalSection
	GlobalSection(ExtensibilityGlobals) = postSolution
		SolutionGuid = {960B16F9-99E3-4FDE-889F-68837591ADE4}
	EndGlobalSection
EndGlobal
