<?xml version="1.0" encoding="utf-8"?>
<Project ToolsVersion="4.0" xmlns="http://schemas.microsoft.com/developer/msbuild/2003">
  <ItemGroup>
    <ClCompile Include="Zone.cpp">
      <Filter>Object\Map</Filter>
    </ClCompile>
    <ClCompile Include="World.cpp">
      <Filter>Object\Map</Filter>
    </ClCompile>
    <ClCompile Include="Town.cpp">
      <Filter>Object\Map</Filter>
    </ClCompile>
    <ClCompile Include="Actor.cpp">
      <Filter>Object\Actor</Filter>
    </ClCompile>
    <ClCompile Include="FightUnit.cpp">
      <Filter>Object\Actor</Filter>
    </ClCompile>
    <ClCompile Include="TextRPGCore.cpp">
      <Filter>Core</Filter>
    </ClCompile>
    <ClCompile Include="TextRPGLast_Zenith.cpp">
      <Filter>Main</Filter>
    </ClCompile>
    <ClCompile Include="BlackSmith.cpp">
      <Filter>Object\Actor</Filter>
    </ClCompile>
    <ClCompile Include="StatusUnit.cpp">
      <Filter>Object\Actor</Filter>
    </ClCompile>
    <ClCompile Include="Object.cpp">
      <Filter>Object</Filter>
    </ClCompile>
    <ClCompile Include="Player.cpp">
      <Filter>Object\Actor</Filter>
    </ClCompile>
    <ClCompile Include="FightZone.cpp">
      <Filter>Object\Map</Filter>
    </ClCompile>
    <ClCompile Include="Monster.cpp">
      <Filter>Object\Actor</Filter>
    </ClCompile>
    <ClCompile Include="Orc.cpp" />
    <ClCompile Include="Goblin.cpp" />
  </ItemGroup>
  <ItemGroup>
    <Filter Include="Core">
      <UniqueIdentifier>{02303c49-2a89-4593-a894-8b4504ab7cbe}</UniqueIdentifier>
    </Filter>
    <Filter Include="Global">
      <UniqueIdentifier>{e745a47e-0b3f-4c95-a2b9-186f6be93ec1}</UniqueIdentifier>
    </Filter>
    <Filter Include="Main">
      <UniqueIdentifier>{6c76816c-3666-4e2f-af7f-26460883195b}</UniqueIdentifier>
    </Filter>
    <Filter Include="Object">
      <UniqueIdentifier>{634a5976-acf8-4a7a-b265-a7b61bea45dd}</UniqueIdentifier>
    </Filter>
    <Filter Include="Object\Actor">
      <UniqueIdentifier>{90a4819e-ce38-42d1-80ad-ad964e4ea7c0}</UniqueIdentifier>
    </Filter>
    <Filter Include="Object\Map">
      <UniqueIdentifier>{9f24a485-321b-4c65-bdd8-1078f2d17aae}</UniqueIdentifier>
    </Filter>
    <Filter Include="Object\Actor\Monster">
      <UniqueIdentifier>{a55c0a58-b75e-443a-9fdd-ee395d77279b}</UniqueIdentifier>
    </Filter>
  </ItemGroup>
  <ItemGroup>
    <ClInclude Include="Zone.h">
      <Filter>Object\Map</Filter>
    </ClInclude>
    <ClInclude Include="World.h">
      <Filter>Object\Map</Filter>
    </ClInclude>
    <ClInclude Include="Town.h">
      <Filter>Object\Map</Filter>
    </ClInclude>
    <ClInclude Include="Actor.h">
      <Filter>Object\Actor</Filter>
    </ClInclude>
    <ClInclude Include="FightUnit.h">
      <Filter>Object\Actor</Filter>
    </ClInclude>
    <ClInclude Include="TextRPGCore.h">
      <Filter>Core</Filter>
    </ClInclude>
    <ClInclude Include="BlackSmith.h">
      <Filter>Object\Actor</Filter>
    </ClInclude>
    <ClInclude Include="Enums.h">
      <Filter>Global</Filter>
    </ClInclude>
    <ClInclude Include="StatusUnit.h">
      <Filter>Object\Actor</Filter>
    </ClInclude>
    <ClInclude Include="Object.h">
      <Filter>Object</Filter>
    </ClInclude>
    <ClInclude Include="Player.h">
      <Filter>Object\Actor</Filter>
    </ClInclude>
    <ClInclude Include="FightZone.h">
      <Filter>Object\Map</Filter>
    </ClInclude>
    <ClInclude Include="Monster.h">
      <Filter>Object\Actor</Filter>
    </ClInclude>
    <ClInclude Include="Orc.h" />
    <ClInclude Include="Goblin.h" />
  </ItemGroup>
</Project>