
Microsoft Visual Studio Solution File, Format Version 12.00
# Visual Studio Version 17
VisualStudioVersion = 17.11.35327.3
MinimumVisualStudioVersion = 10.0.40219.1
Project("{8BC9CEB8-8B4A-11D0-8D11-00A0C91BC942}") = "API", "API\API.vcxproj", "{0BC3E1ED-BA22-48F7-98CD-00C71B276F47}"
EndProject
Global
	GlobalSection(SolutionConfigurationPlatforms) = preSolution
		Debug|x64 = Debug|x64
		Debug|x86 = Debug|x86
		Release|x64 = Release|x64
		Release|x86 = Release|x86
	EndGlobalSection
	GlobalSection(ProjectConfigurationPlatforms) = postSolution
		{0BC3E1ED-BA22-48F7-98CD-00C71B276F47}.Debug|x64.ActiveCfg = Debug|x64
		{0BC3E1ED-BA22-48F7-98CD-00C71B276F47}.Debug|x64.Build.0 = Debug|x64
		{0BC3E1ED-BA22-48F7-98CD-00C71B276F47}.Debug|x86.ActiveCfg = Debug|Win32
		{0BC3E1ED-BA22-48F7-98CD-00C71B276F47}.Debug|x86.Build.0 = Debug|Win32
		{0BC3E1ED-BA22-48F7-98CD-00C71B276F47}.Release|x64.ActiveCfg = Release|x64
		{0BC3E1ED-BA22-48F7-98CD-00C71B276F47}.Release|x64.Build.0 = Release|x64
		{0BC3E1ED-BA22-48F7-98CD-00C71B276F47}.Release|x86.ActiveCfg = Release|Win32
		{0BC3E1ED-BA22-48F7-98CD-00C71B276F47}.Release|x86.Build.0 = Release|Win32
	EndGlobalSection
	GlobalSection(SolutionProperties) = preSolution
		HideSolutionNode = FALSE
	EndGlobalSection
	GlobalSection(ExtensibilityGlobals) = postSolution
		SolutionGuid = {08DF6C19-DF8B-4ABD-A419-F9C88A5D089E}
	EndGlobalSection
EndGlobal
